{
  "name": "muuri-card",
  "version": "1.0.0",
  "lockfileVersion": 3,
  "requires": true,
  "packages": {
    "": {
      "name": "muuri-card",
      "version": "1.0.0",
      "license": "ISC",
      "dependencies": {
        "muuri": "^0.9.5"
      },
      "devDependencies": {}
    },
    "node_modules/muuri": {
      "version": "0.9.5",
      "resolved": "https://registry.npmjs.org/muuri/-/muuri-0.9.5.tgz",
      "integrity": "sha512-nJL9/Pd5IaIXGAVunBs/LLQ+v6tPkvlqCYrlauWESgkVFr+F+CRf8HnayRh4AqiQ1S/PIEN39fhJSe4L5rLlxg=="
    }
  }
}
